
Microsoft Visual Studio Solution File, Format Version 12.00
# Visual Studio Version 16
VisualStudioVersion = 16.0.31025.194
MinimumVisualStudioVersion = 10.0.40219.1
Project("{9A19103F-16F7-4668-BE54-9A1E7A4F7556}") = "BasicProgramsDemo", "BasicProgramsDemo\BasicProgramsDemo.csproj", "{1DE59A68-C6B6-4EF7-97C6-A7BB8C54EFAF}"
EndProject
Global
	GlobalSection(SolutionConfigurationPlatforms) = preSolution
		Debug|Any CPU = Debug|Any CPU
		Release|Any CPU = Release|Any CPU
	EndGlobalSection
	GlobalSection(ProjectConfigurationPlatforms) = postSolution
		{1DE59A68-C6B6-4EF7-97C6-A7BB8C54EFAF}.Debug|Any CPU.ActiveCfg = Debug|Any CPU
		{1DE59A68-C6B6-4EF7-97C6-A7BB8C54EFAF}.Debug|Any CPU.Build.0 = Debug|Any CPU
		{1DE59A68-C6B6-4EF7-97C6-A7BB8C54EFAF}.Release|Any CPU.ActiveCfg = Release|Any CPU
		{1DE59A68-C6B6-4EF7-97C6-A7BB8C54EFAF}.Release|Any CPU.Build.0 = Release|Any CPU
	EndGlobalSection
	GlobalSection(SolutionProperties) = preSolution
		HideSolutionNode = FALSE
	EndGlobalSection
	GlobalSection(ExtensibilityGlobals) = postSolution
		SolutionGuid = {5424B975-79FE-45D0-9265-478209EA37E8}
	EndGlobalSection
EndGlobal
